
Microsoft Visual Studio Solution File, Format Version 12.00
# Visual Studio Version 17
VisualStudioVersion = 17.9.34723.18
MinimumVisualStudioVersion = 10.0.40219.1
Project("{9A19103F-16F7-4668-BE54-9A1E7A4F7556}") = "WebApi", "WebApi\WebApi.csproj", "{C810A940-D819-4CD3-8DFE-E1C2BD51AB6D}"
EndProject
Project("{9A19103F-16F7-4668-BE54-9A1E7A4F7556}") = "Domain", "Domain\Domain.csproj", "{6F74E679-0982-4582-82CA-2AD5095013A7}"
EndProject
Project("{9A19103F-16F7-4668-BE54-9A1E7A4F7556}") = "TestDomain", "TestDomain\TestDomain.csproj", "{731DC507-218A-4F77-AAF5-055273484B97}"
EndProject
Project("{9A19103F-16F7-4668-BE54-9A1E7A4F7556}") = "DataAccess", "DataAccess\DataAccess.csproj", "{66C897AC-3BFC-411A-B28F-BB7033725B2E}"
EndProject
Project("{9A19103F-16F7-4668-BE54-9A1E7A4F7556}") = "TestDataAccess", "TestDataAccess\TestDataAccess.csproj", "{9BBF99A3-0B8B-4632-AAFD-82AF863C9EEA}"
EndProject
Project("{9A19103F-16F7-4668-BE54-9A1E7A4F7556}") = "IDataAccess", "IDataAccess\IDataAccess.csproj", "{A4466E7A-40D2-44D7-90DB-EAC3B370EBE9}"
EndProject
Project("{9A19103F-16F7-4668-BE54-9A1E7A4F7556}") = "Factory", "Factory\Factory.csproj", "{EDDE3E47-2321-4BC5-8612-A412761A3572}"
EndProject
Project("{9A19103F-16F7-4668-BE54-9A1E7A4F7556}") = "IServices", "IServices\IServices.csproj", "{66C26E71-8035-4A7F-BB6E-7144D0593FA7}"
EndProject
Project("{9A19103F-16F7-4668-BE54-9A1E7A4F7556}") = "DTO", "DTO\DTO.csproj", "{88E12F48-63D1-476E-B587-49C2E4A452A3}"
EndProject
Project("{9A19103F-16F7-4668-BE54-9A1E7A4F7556}") = "TestWebApi", "TestWebApi\TestWebApi.csproj", "{CD7099FA-BECD-4702-A5F9-1846EFDC6FBC}"
EndProject
Project("{9A19103F-16F7-4668-BE54-9A1E7A4F7556}") = "Services", "Services\Services.csproj", "{FB6AB830-0D62-41E5-916D-FA79E80FE04A}"
EndProject
Project("{9A19103F-16F7-4668-BE54-9A1E7A4F7556}") = "TestServices", "TestServices\TestServices.csproj", "{549A4E45-79CA-4902-94A1-D3C54AC24C2D}"
EndProject
Project("{9A19103F-16F7-4668-BE54-9A1E7A4F7556}") = "JSONImporter", "JSONImporter\JSONImporter.csproj", "{3F05B757-EC6D-4325-AC40-C771CE3E9996}"
EndProject
Project("{9A19103F-16F7-4668-BE54-9A1E7A4F7556}") = "IImporter", "IImporter\IImporter.csproj", "{82E0B109-DB21-463D-A16B-7C2C5B89A421}"
EndProject
Project("{FAE04EC0-301F-11D3-BF4B-00C04F79EFBC}") = "JSONImporterExternal", "JSONImporterExternal\JSONImporterExternal.csproj", "{45184CF8-7AD7-4F3F-8492-EA26132DA92E}"
EndProject
Global
	GlobalSection(SolutionConfigurationPlatforms) = preSolution
		Debug|Any CPU = Debug|Any CPU
		Release|Any CPU = Release|Any CPU
	EndGlobalSection
	GlobalSection(ProjectConfigurationPlatforms) = postSolution
		{C810A940-D819-4CD3-8DFE-E1C2BD51AB6D}.Debug|Any CPU.ActiveCfg = Debug|Any CPU
		{C810A940-D819-4CD3-8DFE-E1C2BD51AB6D}.Debug|Any CPU.Build.0 = Debug|Any CPU
		{C810A940-D819-4CD3-8DFE-E1C2BD51AB6D}.Release|Any CPU.ActiveCfg = Release|Any CPU
		{C810A940-D819-4CD3-8DFE-E1C2BD51AB6D}.Release|Any CPU.Build.0 = Release|Any CPU
		{6F74E679-0982-4582-82CA-2AD5095013A7}.Debug|Any CPU.ActiveCfg = Debug|Any CPU
		{6F74E679-0982-4582-82CA-2AD5095013A7}.Debug|Any CPU.Build.0 = Debug|Any CPU
		{6F74E679-0982-4582-82CA-2AD5095013A7}.Release|Any CPU.ActiveCfg = Release|Any CPU
		{6F74E679-0982-4582-82CA-2AD5095013A7}.Release|Any CPU.Build.0 = Release|Any CPU
		{731DC507-218A-4F77-AAF5-055273484B97}.Debug|Any CPU.ActiveCfg = Debug|Any CPU
		{731DC507-218A-4F77-AAF5-055273484B97}.Debug|Any CPU.Build.0 = Debug|Any CPU
		{731DC507-218A-4F77-AAF5-055273484B97}.Release|Any CPU.ActiveCfg = Release|Any CPU
		{731DC507-218A-4F77-AAF5-055273484B97}.Release|Any CPU.Build.0 = Release|Any CPU
		{66C897AC-3BFC-411A-B28F-BB7033725B2E}.Debug|Any CPU.ActiveCfg = Debug|Any CPU
		{66C897AC-3BFC-411A-B28F-BB7033725B2E}.Debug|Any CPU.Build.0 = Debug|Any CPU
		{66C897AC-3BFC-411A-B28F-BB7033725B2E}.Release|Any CPU.ActiveCfg = Release|Any CPU
		{66C897AC-3BFC-411A-B28F-BB7033725B2E}.Release|Any CPU.Build.0 = Release|Any CPU
		{9BBF99A3-0B8B-4632-AAFD-82AF863C9EEA}.Debug|Any CPU.ActiveCfg = Debug|Any CPU
		{9BBF99A3-0B8B-4632-AAFD-82AF863C9EEA}.Debug|Any CPU.Build.0 = Debug|Any CPU
		{9BBF99A3-0B8B-4632-AAFD-82AF863C9EEA}.Release|Any CPU.ActiveCfg = Release|Any CPU
		{9BBF99A3-0B8B-4632-AAFD-82AF863C9EEA}.Release|Any CPU.Build.0 = Release|Any CPU
		{A4466E7A-40D2-44D7-90DB-EAC3B370EBE9}.Debug|Any CPU.ActiveCfg = Debug|Any CPU
		{A4466E7A-40D2-44D7-90DB-EAC3B370EBE9}.Debug|Any CPU.Build.0 = Debug|Any CPU
		{A4466E7A-40D2-44D7-90DB-EAC3B370EBE9}.Release|Any CPU.ActiveCfg = Release|Any CPU
		{A4466E7A-40D2-44D7-90DB-EAC3B370EBE9}.Release|Any CPU.Build.0 = Release|Any CPU
		{EDDE3E47-2321-4BC5-8612-A412761A3572}.Debug|Any CPU.ActiveCfg = Debug|Any CPU
		{EDDE3E47-2321-4BC5-8612-A412761A3572}.Debug|Any CPU.Build.0 = Debug|Any CPU
		{EDDE3E47-2321-4BC5-8612-A412761A3572}.Release|Any CPU.ActiveCfg = Release|Any CPU
		{EDDE3E47-2321-4BC5-8612-A412761A3572}.Release|Any CPU.Build.0 = Release|Any CPU
		{66C26E71-8035-4A7F-BB6E-7144D0593FA7}.Debug|Any CPU.ActiveCfg = Debug|Any CPU
		{66C26E71-8035-4A7F-BB6E-7144D0593FA7}.Debug|Any CPU.Build.0 = Debug|Any CPU
		{66C26E71-8035-4A7F-BB6E-7144D0593FA7}.Release|Any CPU.ActiveCfg = Release|Any CPU
		{66C26E71-8035-4A7F-BB6E-7144D0593FA7}.Release|Any CPU.Build.0 = Release|Any CPU
		{88E12F48-63D1-476E-B587-49C2E4A452A3}.Debug|Any CPU.ActiveCfg = Debug|Any CPU
		{88E12F48-63D1-476E-B587-49C2E4A452A3}.Debug|Any CPU.Build.0 = Debug|Any CPU
		{88E12F48-63D1-476E-B587-49C2E4A452A3}.Release|Any CPU.ActiveCfg = Release|Any CPU
		{88E12F48-63D1-476E-B587-49C2E4A452A3}.Release|Any CPU.Build.0 = Release|Any CPU
		{CD7099FA-BECD-4702-A5F9-1846EFDC6FBC}.Debug|Any CPU.ActiveCfg = Debug|Any CPU
		{CD7099FA-BECD-4702-A5F9-1846EFDC6FBC}.Debug|Any CPU.Build.0 = Debug|Any CPU
		{CD7099FA-BECD-4702-A5F9-1846EFDC6FBC}.Release|Any CPU.ActiveCfg = Release|Any CPU
		{CD7099FA-BECD-4702-A5F9-1846EFDC6FBC}.Release|Any CPU.Build.0 = Release|Any CPU
		{FB6AB830-0D62-41E5-916D-FA79E80FE04A}.Debug|Any CPU.ActiveCfg = Debug|Any CPU
		{FB6AB830-0D62-41E5-916D-FA79E80FE04A}.Debug|Any CPU.Build.0 = Debug|Any CPU
		{FB6AB830-0D62-41E5-916D-FA79E80FE04A}.Release|Any CPU.ActiveCfg = Release|Any CPU
		{FB6AB830-0D62-41E5-916D-FA79E80FE04A}.Release|Any CPU.Build.0 = Release|Any CPU
		{549A4E45-79CA-4902-94A1-D3C54AC24C2D}.Debug|Any CPU.ActiveCfg = Debug|Any CPU
		{549A4E45-79CA-4902-94A1-D3C54AC24C2D}.Debug|Any CPU.Build.0 = Debug|Any CPU
		{549A4E45-79CA-4902-94A1-D3C54AC24C2D}.Release|Any CPU.ActiveCfg = Release|Any CPU
		{549A4E45-79CA-4902-94A1-D3C54AC24C2D}.Release|Any CPU.Build.0 = Release|Any CPU
		{3F05B757-EC6D-4325-AC40-C771CE3E9996}.Debug|Any CPU.ActiveCfg = Debug|Any CPU
		{3F05B757-EC6D-4325-AC40-C771CE3E9996}.Debug|Any CPU.Build.0 = Debug|Any CPU
		{3F05B757-EC6D-4325-AC40-C771CE3E9996}.Release|Any CPU.ActiveCfg = Release|Any CPU
		{3F05B757-EC6D-4325-AC40-C771CE3E9996}.Release|Any CPU.Build.0 = Release|Any CPU
		{82E0B109-DB21-463D-A16B-7C2C5B89A421}.Debug|Any CPU.ActiveCfg = Debug|Any CPU
		{82E0B109-DB21-463D-A16B-7C2C5B89A421}.Debug|Any CPU.Build.0 = Debug|Any CPU
		{82E0B109-DB21-463D-A16B-7C2C5B89A421}.Release|Any CPU.ActiveCfg = Release|Any CPU
		{82E0B109-DB21-463D-A16B-7C2C5B89A421}.Release|Any CPU.Build.0 = Release|Any CPU
		{45184CF8-7AD7-4F3F-8492-EA26132DA92E}.Debug|Any CPU.ActiveCfg = Debug|Any CPU
		{45184CF8-7AD7-4F3F-8492-EA26132DA92E}.Debug|Any CPU.Build.0 = Debug|Any CPU
		{45184CF8-7AD7-4F3F-8492-EA26132DA92E}.Release|Any CPU.ActiveCfg = Release|Any CPU
		{45184CF8-7AD7-4F3F-8492-EA26132DA92E}.Release|Any CPU.Build.0 = Release|Any CPU
	EndGlobalSection
	GlobalSection(SolutionProperties) = preSolution
		HideSolutionNode = FALSE
	EndGlobalSection
	GlobalSection(ExtensibilityGlobals) = postSolution
		SolutionGuid = {8032BD77-0A8C-4517-B2CE-B5914D138DB5}
	EndGlobalSection
EndGlobal
