
Microsoft Visual Studio Solution File, Format Version 12.00
# Visual Studio Version 17
VisualStudioVersion = 17.9.34723.18
MinimumVisualStudioVersion = 10.0.40219.1
Project("{FAE04EC0-301F-11D3-BF4B-00C04F79EFBC}") = "WebApi", "WebApi\WebApi.csproj", "{C810A940-D819-4CD3-8DFE-E1C2BD51AB6D}"
EndProject
Project("{FAE04EC0-301F-11D3-BF4B-00C04F79EFBC}") = "Domain", "Domain\Domain.csproj", "{6F74E679-0982-4582-82CA-2AD5095013A7}"
EndProject
Project("{FAE04EC0-301F-11D3-BF4B-00C04F79EFBC}") = "TestDomain", "TestDomain\TestDomain.csproj", "{731DC507-218A-4F77-AAF5-055273484B97}"
EndProject
Project("{FAE04EC0-301F-11D3-BF4B-00C04F79EFBC}") = "Exceptions", "Exceptions\Exceptions.csproj", "{B4CB129E-04B8-4470-AC3D-1139F1924E70}"
EndProject
Global
	GlobalSection(SolutionConfigurationPlatforms) = preSolution
		Debug|Any CPU = Debug|Any CPU
		Release|Any CPU = Release|Any CPU
	EndGlobalSection
	GlobalSection(ProjectConfigurationPlatforms) = postSolution
		{C810A940-D819-4CD3-8DFE-E1C2BD51AB6D}.Debug|Any CPU.ActiveCfg = Debug|Any CPU
		{C810A940-D819-4CD3-8DFE-E1C2BD51AB6D}.Debug|Any CPU.Build.0 = Debug|Any CPU
		{C810A940-D819-4CD3-8DFE-E1C2BD51AB6D}.Release|Any CPU.ActiveCfg = Release|Any CPU
		{C810A940-D819-4CD3-8DFE-E1C2BD51AB6D}.Release|Any CPU.Build.0 = Release|Any CPU
		{6F74E679-0982-4582-82CA-2AD5095013A7}.Debug|Any CPU.ActiveCfg = Debug|Any CPU
		{6F74E679-0982-4582-82CA-2AD5095013A7}.Debug|Any CPU.Build.0 = Debug|Any CPU
		{6F74E679-0982-4582-82CA-2AD5095013A7}.Release|Any CPU.ActiveCfg = Release|Any CPU
		{6F74E679-0982-4582-82CA-2AD5095013A7}.Release|Any CPU.Build.0 = Release|Any CPU
		{731DC507-218A-4F77-AAF5-055273484B97}.Debug|Any CPU.ActiveCfg = Debug|Any CPU
		{731DC507-218A-4F77-AAF5-055273484B97}.Debug|Any CPU.Build.0 = Debug|Any CPU
		{731DC507-218A-4F77-AAF5-055273484B97}.Release|Any CPU.ActiveCfg = Release|Any CPU
		{731DC507-218A-4F77-AAF5-055273484B97}.Release|Any CPU.Build.0 = Release|Any CPU
		{B4CB129E-04B8-4470-AC3D-1139F1924E70}.Debug|Any CPU.ActiveCfg = Debug|Any CPU
		{B4CB129E-04B8-4470-AC3D-1139F1924E70}.Debug|Any CPU.Build.0 = Debug|Any CPU
		{B4CB129E-04B8-4470-AC3D-1139F1924E70}.Release|Any CPU.ActiveCfg = Release|Any CPU
		{B4CB129E-04B8-4470-AC3D-1139F1924E70}.Release|Any CPU.Build.0 = Release|Any CPU
	EndGlobalSection
	GlobalSection(SolutionProperties) = preSolution
		HideSolutionNode = FALSE
	EndGlobalSection
	GlobalSection(ExtensibilityGlobals) = postSolution
		SolutionGuid = {8032BD77-0A8C-4517-B2CE-B5914D138DB5}
	EndGlobalSection
EndGlobal
